# This file is automatically @generated by Poetry 1.8.5 and should not be changed by hand.

[[package]]
name = "obsws-python"
version = "1.7.0"
description = "A Python SDK for OBS Studio WebSocket v5.0"
optional = false
python-versions = ">=3.9"
files = [
    {file = "obsws_python-1.7.0-py3-none-any.whl", hash = "sha256:e71d4f8f7459b99976b5b5faf504cbcbc6cc490d45b6a625d85ae2fdf076784b"},
    {file = "obsws_python-1.7.0.tar.gz", hash = "sha256:4d80d90df29c3e1561b8ac04bac423ddf7edc97f7e61209733f0c44dae6e4699"},
]

[package.dependencies]
websocket-client = "*"

[package.extras]
dev = ["black", "isort", "pytest", "pytest-randomly"]

[[package]]
name = "pathlib"
version = "1.0.1"
description = "Object-oriented filesystem paths"
optional = false
python-versions = "*"
files = [
    {file = "pathlib-1.0.1-py3-none-any.whl", hash = "sha256:f35f95ab8b0f59e6d354090350b44a80a80635d22efdedfa84c7ad1cf0a74147"},
    {file = "pathlib-1.0.1.tar.gz", hash = "sha256:6940718dfc3eff4258203ad5021090933e5c04707d5ca8cc9e73c94a7894ea9f"},
]

[[package]]
name = "python-dotenv"
version = "1.0.1"
description = "Read key-value pairs from a .env file and set them as environment variables"
optional = false
python-versions = ">=3.8"
files = [
    {file = "python-dotenv-1.0.1.tar.gz", hash = "sha256:e324ee90a023d808f1959c46bcbc04446a10ced277783dc6ee09987c37ec10ca"},
    {file = "python_dotenv-1.0.1-py3-none-any.whl", hash = "sha256:f7b63ef50f1b690dddf550d03497b66d609393b40b564ed0d674909a68ebf16a"},
]

[package.extras]
cli = ["click (>=5.0)"]

[[package]]
name = "websocket-client"
version = "1.8.0"
description = "WebSocket client for Python with low level API options"
optional = false
python-versions = ">=3.8"
files = [
    {file = "websocket_client-1.8.0-py3-none-any.whl", hash = "sha256:17b44cc997f5c498e809b22cdf2d9c7a9e71c02c8cc2b6c56e7c2d1239bfa526"},
    {file = "websocket_client-1.8.0.tar.gz", hash = "sha256:3239df9f44da632f96012472805d40a23281a991027ce11d2f45a6f24ac4c3da"},
]

[package.extras]
docs = ["Sphinx (>=6.0)", "myst-parser (>=2.0.0)", "sphinx-rtd-theme (>=1.1.0)"]
optional = ["python-socks", "wsaccel"]
test = ["websockets"]

[metadata]
lock-version = "2.0"
python-versions = "^3.13"
content-hash = "2045729372e5131f77395d2366c7875b6112bc17ea5a37234b2eab12ab1dba9f"
